
Microsoft Visual Studio Solution File, Format Version 12.00
# Visual Studio Version 17
VisualStudioVersion = 17.3.32929.385
MinimumVisualStudioVersion = 10.0.40219.1
Project("{FAE04EC0-301F-11D3-BF4B-00C04F79EFBC}") = "tapsirriq", "tapsirriq\tapsirriq.csproj", "{AAD5635B-0A08-4E43-9AA6-309EC651C8B6}"
EndProject
Global
	GlobalSection(SolutionConfigurationPlatforms) = preSolution
		Debug|Any CPU = Debug|Any CPU
		Release|Any CPU = Release|Any CPU
	EndGlobalSection
	GlobalSection(ProjectConfigurationPlatforms) = postSolution
		{AAD5635B-0A08-4E43-9AA6-309EC651C8B6}.Debug|Any CPU.ActiveCfg = Debug|Any CPU
		{AAD5635B-0A08-4E43-9AA6-309EC651C8B6}.Debug|Any CPU.Build.0 = Debug|Any CPU
		{AAD5635B-0A08-4E43-9AA6-309EC651C8B6}.Release|Any CPU.ActiveCfg = Release|Any CPU
		{AAD5635B-0A08-4E43-9AA6-309EC651C8B6}.Release|Any CPU.Build.0 = Release|Any CPU
	EndGlobalSection
	GlobalSection(SolutionProperties) = preSolution
		HideSolutionNode = FALSE
	EndGlobalSection
	GlobalSection(ExtensibilityGlobals) = postSolution
		SolutionGuid = {36CF7168-30BF-4BBB-B85E-58CF888D0D9D}
	EndGlobalSection
EndGlobal
